# THIS IS AN AUTOGENERATED FILE. DO NOT EDIT THIS FILE DIRECTLY.
# yarn lockfile v1


"@ampproject/remapping@^2.2.1":
  version "2.3.0"
  resolved "https://registry.npmjs.org/@ampproject/remapping/-/remapping-2.3.0.tgz"
  integrity sha512-30iZtAPgz+LTIYoeivqYo853f02jBYSd5uGnGpkFV0M3xOt9aN73erkgYAmZU43x4VfqcnLxW9Kpg3R5LC4YYw==
  dependencies:
    "@jridgewell/gen-mapping" "^0.3.5"
    "@jridgewell/trace-mapping" "^0.3.24"

"@fortawesome/fontawesome-free@^7.1.0":
  version "7.1.0"
  resolved "https://registry.npmjs.org/@fortawesome/fontawesome-free/-/fontawesome-free-7.1.0.tgz"
  integrity sha512-+WxNld5ZCJHvPQCr/GnzCTVREyStrAJjisUPtUxG5ngDA8TMlPnKp6dddlTpai4+1GNmltAeuk1hJEkBohwZYA==

"@jridgewell/gen-mapping@^0.3.5":
  version "0.3.13"
  resolved "https://registry.npmjs.org/@jridgewell/gen-mapping/-/gen-mapping-0.3.13.tgz"
  integrity sha512-2kkt/7niJ6MgEPxF0bYdQ6etZaA+fQvDcLKckhy1yIQOzaoKjBBjSj63/aLVjYE3qhRt5dvM+uUyfCg6UKCBbA==
  dependencies:
    "@jridgewell/sourcemap-codec" "^1.5.0"
    "@jridgewell/trace-mapping" "^0.3.24"

"@jridgewell/resolve-uri@^3.1.0":
  version "3.1.2"
  resolved "https://registry.npmjs.org/@jridgewell/resolve-uri/-/resolve-uri-3.1.2.tgz"
  integrity sha512-bRISgCIjP20/tbWSPWMEi54QVPRZExkuD9lJL+UIxUKtwVJA8wW1Trb1jMs1RFXo1CBTNZ/5hpC9QvmKWdopKw==

"@jridgewell/sourcemap-codec@^1.4.14", "@jridgewell/sourcemap-codec@^1.4.15", "@jridgewell/sourcemap-codec@^1.5.0", "@jridgewell/sourcemap-codec@^1.5.5":
  version "1.5.5"
  resolved "https://registry.npmjs.org/@jridgewell/sourcemap-codec/-/sourcemap-codec-1.5.5.tgz"
  integrity sha512-cYQ9310grqxueWbl+WuIUIaiUaDcj7WOq5fVhEljNVgRfOUhY9fy2zTvfoqWsnebh8Sl70VScFbICvJnLKB0Og==

"@jridgewell/trace-mapping@^0.3.18", "@jridgewell/trace-mapping@^0.3.24":
  version "0.3.31"
  resolved "https://registry.npmjs.org/@jridgewell/trace-mapping/-/trace-mapping-0.3.31.tgz"
  integrity sha512-zzNR+SdQSDJzc8joaeP8QQoCQr8NuYx2dIIytl1QeBEZHJ9uW6hebsrYgbz8hJwUQao3TWCMtmfV8Nu1twOLAw==
  dependencies:
    "@jridgewell/resolve-uri" "^3.1.0"
    "@jridgewell/sourcemap-codec" "^1.4.14"

"@remirror/core-constants@3.0.0":
  version "3.0.0"
  resolved "https://registry.npmjs.org/@remirror/core-constants/-/core-constants-3.0.0.tgz"
  integrity sha512-42aWfPrimMfDKDi4YegyS7x+/0tlzaqwPQCULLanv3DMIlu96KTJR0fM5isWX2UViOqlGnX6YFgqWepcX+XMNg==

"@tiptap/core@^3.7.2":
  version "3.7.2"
  resolved "https://registry.npmjs.org/@tiptap/core/-/core-3.7.2.tgz"
  integrity sha512-fJwNpTx0aq4UU0HNkxPvPYfNBcTHQ/q5xBUdOB5Mgu6clwGES38jVsNNSudB8g53APUmJIS+2fJbkxl3V+0jww==

"@tiptap/extension-blockquote@^3.7.2":
  version "3.7.2"
  resolved "https://registry.npmjs.org/@tiptap/extension-blockquote/-/extension-blockquote-3.7.2.tgz"
  integrity sha512-8rNDh1E1ratex9KicvNNnjJGtF313Kpf5hXHOUcIm8FQwvA/0Tu6jq7r6VgESMyo95R3EmzRpnCYQef+zDm6OQ==

"@tiptap/extension-bold@^3.7.2":
  version "3.7.2"
  resolved "https://registry.npmjs.org/@tiptap/extension-bold/-/extension-bold-3.7.2.tgz"
  integrity sha512-bwCn9lQEXnEi7LfIx3G/oaH4I0ZapAgrHzLCNJH/tNgRKVWym1H1Oa8PlkiFDbalWOdUkbgeAUqUaIB13k408Q==

"@tiptap/extension-bullet-list@^3.7.2":
  version "3.7.2"
  resolved "https://registry.npmjs.org/@tiptap/extension-bullet-list/-/extension-bullet-list-3.7.2.tgz"
  integrity sha512-OHYYXKjmxisLQws0tW8Dz14PcyIJmaed7eypZvIm/R3hxa/7lJY/2EM/Ti5g/w1U8WPBEH1hX3icRtiulserKw==

"@tiptap/extension-code-block@^3.7.2":
  version "3.7.2"
  resolved "https://registry.npmjs.org/@tiptap/extension-code-block/-/extension-code-block-3.7.2.tgz"
  integrity sha512-TfixutvvbGCrSSCsfDK/PBm6A5FIzcPTSVDrmmsiAfqldj/Woy1T42dads+wv9SjKG06GlWDwYtDGAk2Uun8NA==

"@tiptap/extension-code@^3.7.2":
  version "3.7.2"
  resolved "https://registry.npmjs.org/@tiptap/extension-code/-/extension-code-3.7.2.tgz"
  integrity sha512-J8FaCiKJJnHvQiPcbfbUtc5RNmGx/Gui/K5CDMPc17jhCiQ9JhR9idRPREV24Z2t7GujWX7LG6ZDDR82pSns+g==

"@tiptap/extension-document@^3.7.2":
  version "3.7.2"
  resolved "https://registry.npmjs.org/@tiptap/extension-document/-/extension-document-3.7.2.tgz"
  integrity sha512-OrHl402v2FWCUKR1Xi5MTNBAkKYQh7mtpw/WlJDFnk5z1qHLqz4UIcbGilDYzVPrNUZPhA1p3c+V5UUVUFzUfg==

"@tiptap/extension-dropcursor@^3.7.2":
  version "3.7.2"
  resolved "https://registry.npmjs.org/@tiptap/extension-dropcursor/-/extension-dropcursor-3.7.2.tgz"
  integrity sha512-79y6M9pJYwqcqBHIWoomfptJp0QB/TP3Y+2NOL09sMNeSdUgmz5pCVObA4H48YMkoB0EcUtux2IUOM66e4nsJA==

"@tiptap/extension-gapcursor@^3.7.2":
  version "3.7.2"
  resolved "https://registry.npmjs.org/@tiptap/extension-gapcursor/-/extension-gapcursor-3.7.2.tgz"
  integrity sha512-vCLo2dL2SfeWjh/gJKDiu0/fz6OF7obGTJvHg/yStkoUqlAEiwKoyHP/NXeTGYJMzZzUi0kY9DtTEJdGFvphuQ==

"@tiptap/extension-hard-break@^3.7.2":
  version "3.7.2"
  resolved "https://registry.npmjs.org/@tiptap/extension-hard-break/-/extension-hard-break-3.7.2.tgz"
  integrity sha512-nNDo+5S1yRQ3JkBM+gwpEEVZ/Kw9qWoG/cpShyGYDHo1/y8MgO+VI0kSb/LuBTw7g+jmNXdf+ZaRRI/pXsUihg==

"@tiptap/extension-heading@^3.7.2":
  version "3.7.2"
  resolved "https://registry.npmjs.org/@tiptap/extension-heading/-/extension-heading-3.7.2.tgz"
  integrity sha512-eH/G66FIRlTQz4MhEmlNNNQgVTxhoqlkyFzgeG5aipIplYOdYa5Y6Wl0NF4xqr1jAHGLAK6LaYS4FXp3TE7LyA==

"@tiptap/extension-horizontal-rule@^3.7.2":
  version "3.7.2"
  resolved "https://registry.npmjs.org/@tiptap/extension-horizontal-rule/-/extension-horizontal-rule-3.7.2.tgz"
  integrity sha512-pN+1hJAVVP3uqtpZ5Rm7z5XUB/NGprK6wExJ04xG117E4rTVcaEb1FnMILY3J3A5XbdC3vHX+cblR8mOl1PAMw==

"@tiptap/extension-italic@^3.7.2":
  version "3.7.2"
  resolved "https://registry.npmjs.org/@tiptap/extension-italic/-/extension-italic-3.7.2.tgz"
  integrity sha512-1tfF37LvKgA5hg09UBgOjdMLNRb1C6keIOBF0r5oHKeWPYOf4z3j5IU9PsFUoOn53XRMb1aiD/TNbGPyoT3Fyw==

"@tiptap/extension-link@^3.7.2":
  version "3.7.2"
  resolved "https://registry.npmjs.org/@tiptap/extension-link/-/extension-link-3.7.2.tgz"
  integrity sha512-9K54PxBiDSWAMfICqkb8jcQ6cL7vDAtjTk0zqBw4d+XuaUy0FC9QUdbx7r1Pkbf36K1/ApbvM9a7qpOirWk8Xw==
  dependencies:
    linkifyjs "^4.3.2"

"@tiptap/extension-list-item@^3.7.2":
  version "3.7.2"
  resolved "https://registry.npmjs.org/@tiptap/extension-list-item/-/extension-list-item-3.7.2.tgz"
  integrity sha512-962TFsx4eF5NMyLVhGFGF/btt5j3MipPhDiUsxzBgnlW8o5OonVepb9cDrqpEDQ2/wLvheWnCKuvmG7umasldQ==

"@tiptap/extension-list-keymap@^3.7.2":
  version "3.7.2"
  resolved "https://registry.npmjs.org/@tiptap/extension-list-keymap/-/extension-list-keymap-3.7.2.tgz"
  integrity sha512-1du9eo+NPIkuRT258yUn9bovhip556aJo/yDtRbswEVNScP1E8y/kFRWvw0HD7/YWcNqok1ZteoSwShWnKAXRQ==

"@tiptap/extension-list@^3.7.2":
  version "3.7.2"
  resolved "https://registry.npmjs.org/@tiptap/extension-list/-/extension-list-3.7.2.tgz"
  integrity sha512-/tYHmEkOGcVweAc9ZgnAXkzua5aJfu7TjZcKTq5fmDt6x9MY1eY1+egS7D9hVR2sUSAC10VgXmYdYPDsKF3p2g==

"@tiptap/extension-mention@^3.7.2":
  version "3.7.2"
  resolved "https://registry.npmjs.org/@tiptap/extension-mention/-/extension-mention-3.7.2.tgz"
  integrity sha512-y8ldoGItWii6DY+db37BqdmHIbwrIV7b7Lz0uI3lhb3tNNkjaa84XRTUK7mySXrkzp/FMvw8MXCTUF44aQdFZQ==

"@tiptap/extension-ordered-list@^3.7.2":
  version "3.7.2"
  resolved "https://registry.npmjs.org/@tiptap/extension-ordered-list/-/extension-ordered-list-3.7.2.tgz"
  integrity sha512-Tu61/JXh1RRd3Kb+s7A7jmpnB+w1pqGSRfMXBtYHDHDIGyXu255ru7soX44lJfHGq/zYcTFSHGSsi8o23QONJg==

"@tiptap/extension-paragraph@^3.7.2":
  version "3.7.2"
  resolved "https://registry.npmjs.org/@tiptap/extension-paragraph/-/extension-paragraph-3.7.2.tgz"
  integrity sha512-HmDuAixTcvP4A/v6OLkh/C6nB86i7/DRNswBf/Udak8TgWUIcSUK0iActxxm5+B3MZTSf3U87JzyI6IeuElLIQ==

"@tiptap/extension-strike@^3.7.2":
  version "3.7.2"
  resolved "https://registry.npmjs.org/@tiptap/extension-strike/-/extension-strike-3.7.2.tgz"
  integrity sha512-I1G+4vZbCBTpAMmyVwaO8cLBJgXEf1DyEzc0B+HhTJiBa9qA9OKgRQEGFgisxu1kggjbzB6+d0+taHfjsZC1SQ==

"@tiptap/extension-text@^3.7.2":
  version "3.7.2"
  resolved "https://registry.npmjs.org/@tiptap/extension-text/-/extension-text-3.7.2.tgz"
  integrity sha512-sKaeGYNP1+bAe2rvmzWLW5qH9DsSFOJlOUEOFchR0OX0rC7bbGS6/KuyAq0w6UkL+cMJnDyAbv3KeD2WEA192w==

"@tiptap/extension-underline@^3.7.2":
  version "3.7.2"
  resolved "https://registry.npmjs.org/@tiptap/extension-underline/-/extension-underline-3.7.2.tgz"
  integrity sha512-GDpUZllTD7uIdHjTzYJ6i4jUgCeviW40SCpLVVv1xH0gj1t1xu0Rnxmk+bXkF2XNe8jPXkMCgYNr6DR6eO8roQ==

"@tiptap/extensions@^3.7.2":
  version "3.7.2"
  resolved "https://registry.npmjs.org/@tiptap/extensions/-/extensions-3.7.2.tgz"
  integrity sha512-FaToSdU9fhQk2swkaXrAQNgdaE0dwLbUHcvilW5F4xTpQfZ3J535u5U2TUYf+f9KKSV5fTmD4QGNY9qxY7ihTg==

"@tiptap/pm@^3.7.2":
  version "3.7.2"
  resolved "https://registry.npmjs.org/@tiptap/pm/-/pm-3.7.2.tgz"
  integrity sha512-i2fvXDapwo/TWfHM6STYEbkYyF3qyfN6KEBKPrleX/Z80G5bLxom0gB79TsjLNxTLi6mdf0vTHgAcXMG1avc2g==
  dependencies:
    prosemirror-changeset "^2.3.0"
    prosemirror-collab "^1.3.1"
    prosemirror-commands "^1.6.2"
    prosemirror-dropcursor "^1.8.1"
    prosemirror-gapcursor "^1.3.2"
    prosemirror-history "^1.4.1"
    prosemirror-inputrules "^1.4.0"
    prosemirror-keymap "^1.2.2"
    prosemirror-markdown "^1.13.1"
    prosemirror-menu "^1.2.4"
    prosemirror-model "^1.24.1"
    prosemirror-schema-basic "^1.2.3"
    prosemirror-schema-list "^1.5.0"
    prosemirror-state "^1.4.3"
    prosemirror-tables "^1.6.4"
    prosemirror-trailing-node "^3.0.0"
    prosemirror-transform "^1.10.2"
    prosemirror-view "^1.38.1"

"@tiptap/starter-kit@^3.7.2":
  version "3.7.2"
  resolved "https://registry.npmjs.org/@tiptap/starter-kit/-/starter-kit-3.7.2.tgz"
  integrity sha512-43GwI+2Mtc/ci7J4eJOE02wZxp5KIsDTMMb0peNksPcEGaURGdDhav9zbAW24NRjRxU7Auk/zaQu9O8+ZE0v0A==
  dependencies:
    "@tiptap/core" "^3.7.2"
    "@tiptap/extension-blockquote" "^3.7.2"
    "@tiptap/extension-bold" "^3.7.2"
    "@tiptap/extension-bullet-list" "^3.7.2"
    "@tiptap/extension-code" "^3.7.2"
    "@tiptap/extension-code-block" "^3.7.2"
    "@tiptap/extension-document" "^3.7.2"
    "@tiptap/extension-dropcursor" "^3.7.2"
    "@tiptap/extension-gapcursor" "^3.7.2"
    "@tiptap/extension-hard-break" "^3.7.2"
    "@tiptap/extension-heading" "^3.7.2"
    "@tiptap/extension-horizontal-rule" "^3.7.2"
    "@tiptap/extension-italic" "^3.7.2"
    "@tiptap/extension-link" "^3.7.2"
    "@tiptap/extension-list" "^3.7.2"
    "@tiptap/extension-list-item" "^3.7.2"
    "@tiptap/extension-list-keymap" "^3.7.2"
    "@tiptap/extension-ordered-list" "^3.7.2"
    "@tiptap/extension-paragraph" "^3.7.2"
    "@tiptap/extension-strike" "^3.7.2"
    "@tiptap/extension-text" "^3.7.2"
    "@tiptap/extension-underline" "^3.7.2"
    "@tiptap/extensions" "^3.7.2"
    "@tiptap/pm" "^3.7.2"

"@tiptap/suggestion@^3.7.2":
  version "3.7.2"
  resolved "https://registry.npmjs.org/@tiptap/suggestion/-/suggestion-3.7.2.tgz"
  integrity sha512-CYmIMeLqeGBotl7+4TrnGux/ov9IJoWTUQN/JcHp0aOoN3z8c/dQ6cziXXknr51jGHSdVYMWEyamLDZfcaGC1w==

"@types/estree@^1.0.0", "@types/estree@^1.0.1", "@types/estree@^1.0.6":
  version "1.0.8"
  resolved "https://registry.npmjs.org/@types/estree/-/estree-1.0.8.tgz"
  integrity sha512-dWHzHa2WqEXI/O1E9OjrocMTKJl2mSrEolh1Iomrv6U+JuNwaHXsXx9bLu5gG7BUWFIN0skIQJQ/L1rIex4X6w==

"@types/linkify-it@^5":
  version "5.0.0"
  resolved "https://registry.npmjs.org/@types/linkify-it/-/linkify-it-5.0.0.tgz"
  integrity sha512-sVDA58zAw4eWAffKOaQH5/5j3XeayukzDk+ewSsnv3p4yJEZHCCzMDiZM8e0OUrRvmpGZ85jf4yDHkHsgBNr9Q==

"@types/markdown-it@^14.0.0":
  version "14.1.2"
  resolved "https://registry.npmjs.org/@types/markdown-it/-/markdown-it-14.1.2.tgz"
  integrity sha512-promo4eFwuiW+TfGxhi+0x3czqTYJkG8qB17ZUJiVF10Xm7NLVRSLUsfRTU/6h1e24VvRnXCx+hG7li58lkzog==
  dependencies:
    "@types/linkify-it" "^5"
    "@types/mdurl" "^2"

"@types/marked@^5.0.1":
  version "5.0.2"
  resolved "https://registry.npmjs.org/@types/marked/-/marked-5.0.2.tgz"
  integrity sha512-OucS4KMHhFzhz27KxmWg7J+kIYqyqoW5kdIEI319hqARQQUTqhao3M/F+uFnDXD0Rg72iDDZxZNxq5gvctmLlg==

"@types/mdurl@^2":
  version "2.0.0"
  resolved "https://registry.npmjs.org/@types/mdurl/-/mdurl-2.0.0.tgz"
  integrity sha512-RGdgjQUZba5p6QEFAVx2OGb8rQDL/cPRG7GiedRzMcJ1tYnUANBncjbSB1NRGwbvjcPeikRABz2nshyPk1bhWg==

"@types/node@^24.1.0":
  version "24.1.0"
  resolved "https://registry.npmjs.org/@types/node/-/node-24.1.0.tgz"
  integrity sha512-ut5FthK5moxFKH2T1CUOC6ctR67rQRvvHdFLCD2Ql6KXmMuCrjsSsRI9UsLCm9M18BMwClv4pn327UvB7eeO1w==
  dependencies:
    undici-types "~7.8.0"

acorn@^8.10.0, acorn@^8.9.0:
  version "8.15.0"
  resolved "https://registry.npmjs.org/acorn/-/acorn-8.15.0.tgz"
  integrity sha512-NZyJarBfL7nWwIq+FDL6Zp/yHEhePMNnnJ0y3qfieCrmNvYct8uvtiV41UvlSe6apAfk0fY1FbWx+NwfmpvtTg==

argparse@^2.0.1:
  version "2.0.1"
  resolved "https://registry.npmjs.org/argparse/-/argparse-2.0.1.tgz"
  integrity sha512-8+9WqebbFzpX9OR+Wa6O29asIogeRMzcGtAINdpMHHyAg10f05aSFVBbcEqGf/PXw1EjAZ+q2/bEBg3DvurK3Q==

aria-query@^5.3.0:
  version "5.3.2"
  resolved "https://registry.npmjs.org/aria-query/-/aria-query-5.3.2.tgz"
  integrity sha512-COROpnaoap1E2F000S62r6A60uHZnmlvomhfyT2DlTcrY1OrBKn2UhH7qn5wTC9zMvD0AY7csdPSNwKP+7WiQw==

axobject-query@^4.0.0:
  version "4.1.0"
  resolved "https://registry.npmjs.org/axobject-query/-/axobject-query-4.1.0.tgz"
  integrity sha512-qIj0G9wZbMGNLjLmg1PT6v2mE9AH2zlnADJD/2tC6E00hgmhUOfEB6greHPAfLRSufHqROIUTkw6E+M3lH0PTQ==

code-red@^1.0.3:
  version "1.0.4"
  resolved "https://registry.npmjs.org/code-red/-/code-red-1.0.4.tgz"
  integrity sha512-7qJWqItLA8/VPVlKJlFXU+NBlo/qyfs39aJcuMT/2ere32ZqvF5OSxgdM5xOfJJ7O429gg2HM47y8v9P+9wrNw==
  dependencies:
    "@jridgewell/sourcemap-codec" "^1.4.15"
    "@types/estree" "^1.0.1"
    acorn "^8.10.0"
    estree-walker "^3.0.3"
    periscopic "^3.1.0"

crelt@^1.0.0:
  version "1.0.6"
  resolved "https://registry.npmjs.org/crelt/-/crelt-1.0.6.tgz"
  integrity sha512-VQ2MBenTq1fWZUH9DJNGti7kKv6EeAuYr3cLwxUWhIu1baTaXh4Ib5W2CqHVqib4/MqbYGJqiL3Zb8GJZr3l4g==

css-tree@^2.3.1:
  version "2.3.1"
  resolved "https://registry.npmjs.org/css-tree/-/css-tree-2.3.1.tgz"
  integrity sha512-6Fv1DV/TYw//QF5IzQdqsNDjx/wc8TrMBZsqjL9eW01tWb7R7k/mq+/VXfJCl7SoD5emsJop9cOByJZfs8hYIw==
  dependencies:
    mdn-data "2.0.30"
    source-map-js "^1.0.1"

entities@^4.4.0:
  version "4.5.0"
  resolved "https://registry.npmjs.org/entities/-/entities-4.5.0.tgz"
  integrity sha512-V0hjH4dGPh9Ao5p0MoRY6BVqtwCjhz6vI5LT8AJ55H+4g9/4vbHx1I54fS0XuclLhDHArPQCiMjDxjaL8fPxhw==

escape-string-regexp@^4.0.0:
  version "4.0.0"
  resolved "https://registry.npmjs.org/escape-string-regexp/-/escape-string-regexp-4.0.0.tgz"
  integrity sha512-TtpcNJ3XAzx3Gq8sWRzJaVajRs0uVxA2YAkdb1jm2YkPz4G6egUFAyA3n5vtEIZefPk5Wa4UXbKuS5fKkJWdgA==

estree-walker@^3.0.0, estree-walker@^3.0.3:
  version "3.0.3"
  resolved "https://registry.npmjs.org/estree-walker/-/estree-walker-3.0.3.tgz"
  integrity sha512-7RUKfXgSMMkzt6ZuXmqapOurLGPPfgj6l9uRZ7lRGolvk0y2yocc35LdcxKC5PQZdn2DMqioAQ2NoWcrTKmm6g==
  dependencies:
    "@types/estree" "^1.0.0"

is-reference@^3.0.0, is-reference@^3.0.1:
  version "3.0.3"
  resolved "https://registry.npmjs.org/is-reference/-/is-reference-3.0.3.tgz"
  integrity sha512-ixkJoqQvAP88E6wLydLGGqCJsrFUnqoH6HnaczB8XmDH1oaWU+xxdptvikTgaEhtZ53Ky6YXiBuUI2WXLMCwjw==
  dependencies:
    "@types/estree" "^1.0.6"

linkify-it@^5.0.0:
  version "5.0.0"
  resolved "https://registry.npmjs.org/linkify-it/-/linkify-it-5.0.0.tgz"
  integrity sha512-5aHCbzQRADcdP+ATqnDuhhJ/MRIqDkZX5pyjFHRRysS8vZ5AbqGEoFIb6pYHPZ+L/OC2Lc+xT8uHVVR5CAK/wQ==
  dependencies:
    uc.micro "^2.0.0"

linkifyjs@^4.3.2:
  version "4.3.2"
  resolved "https://registry.npmjs.org/linkifyjs/-/linkifyjs-4.3.2.tgz"
  integrity sha512-NT1CJtq3hHIreOianA8aSXn6Cw0JzYOuDQbOrSPe7gqFnCpKP++MQe3ODgO3oh2GJFORkAAdqredOa60z63GbA==

locate-character@^3.0.0:
  version "3.0.0"
  resolved "https://registry.npmjs.org/locate-character/-/locate-character-3.0.0.tgz"
  integrity sha512-SW13ws7BjaeJ6p7Q6CO2nchbYEc3X3J6WrmTTDto7yMPqVSZTUyY5Tjbid+Ab8gLnATtygYtiDIJGQRRn2ZOiA==

magic-string@^0.30.4:
  version "0.30.19"
  resolved "https://registry.npmjs.org/magic-string/-/magic-string-0.30.19.tgz"
  integrity sha512-2N21sPY9Ws53PZvsEpVtNuSW+ScYbQdp4b9qUaL+9QkHUrGFKo56Lg9Emg5s9V/qrtNBmiR01sYhUOwu3H+VOw==
  dependencies:
    "@jridgewell/sourcemap-codec" "^1.5.5"

markdown-it@^14.0.0:
  version "14.1.0"
  resolved "https://registry.npmjs.org/markdown-it/-/markdown-it-14.1.0.tgz"
  integrity sha512-a54IwgWPaeBCAAsv13YgmALOF1elABB08FxO9i+r4VFk5Vl4pKokRPeX8u5TCgSsPi6ec1otfLjdOpVcgbpshg==
  dependencies:
    argparse "^2.0.1"
    entities "^4.4.0"
    linkify-it "^5.0.0"
    mdurl "^2.0.0"
    punycode.js "^2.3.1"
    uc.micro "^2.1.0"

marked@^5.1.2:
  version "5.1.2"
  resolved "https://registry.npmjs.org/marked/-/marked-5.1.2.tgz"
  integrity sha512-ahRPGXJpjMjwSOlBoTMZAK7ATXkli5qCPxZ21TG44rx1KEo44bii4ekgTDQPNRQ4Kh7JMb9Ub1PVk1NxRSsorg==

mdn-data@2.0.30:
  version "2.0.30"
  resolved "https://registry.npmjs.org/mdn-data/-/mdn-data-2.0.30.tgz"
  integrity sha512-GaqWWShW4kv/G9IEucWScBx9G1/vsFZZJUO+tD26M8J8z3Kw5RDQjaoZe03YAClgeS/SWPOcb4nkFBTEi5DUEA==

mdurl@^2.0.0:
  version "2.0.0"
  resolved "https://registry.npmjs.org/mdurl/-/mdurl-2.0.0.tgz"
  integrity sha512-Lf+9+2r+Tdp5wXDXC4PcIBjTDtq4UKjCPMQhKIuzpJNW0b96kVqSwW0bT7FhRSfmAiFYgP+SCRvdrDozfh0U5w==

orderedmap@^2.0.0:
  version "2.1.1"
  resolved "https://registry.npmjs.org/orderedmap/-/orderedmap-2.1.1.tgz"
  integrity sha512-TvAWxi0nDe1j/rtMcWcIj94+Ffe6n7zhow33h40SKxmsmozs6dz/e+EajymfoFcHd7sxNn8yHM8839uixMOV6g==

periscopic@^3.1.0:
  version "3.1.0"
  resolved "https://registry.npmjs.org/periscopic/-/periscopic-3.1.0.tgz"
  integrity sha512-vKiQ8RRtkl9P+r/+oefh25C3fhybptkHKCZSPlcXiJux2tJF55GnEj3BVn4A5gKfq9NWWXXrxkHBwVPUfH0opw==
  dependencies:
    "@types/estree" "^1.0.0"
    estree-walker "^3.0.0"
    is-reference "^3.0.0"

prosemirror-changeset@^2.3.0:
  version "2.3.1"
  resolved "https://registry.npmjs.org/prosemirror-changeset/-/prosemirror-changeset-2.3.1.tgz"
  integrity sha512-j0kORIBm8ayJNl3zQvD1TTPHJX3g042et6y/KQhZhnPrruO8exkTgG8X+NRpj7kIyMMEx74Xb3DyMIBtO0IKkQ==
  dependencies:
    prosemirror-transform "^1.0.0"

prosemirror-collab@^1.3.1:
  version "1.3.1"
  resolved "https://registry.npmjs.org/prosemirror-collab/-/prosemirror-collab-1.3.1.tgz"
  integrity sha512-4SnynYR9TTYaQVXd/ieUvsVV4PDMBzrq2xPUWutHivDuOshZXqQ5rGbZM84HEaXKbLdItse7weMGOUdDVcLKEQ==
  dependencies:
    prosemirror-state "^1.0.0"

prosemirror-commands@^1.0.0, prosemirror-commands@^1.6.2:
  version "1.7.1"
  resolved "https://registry.npmjs.org/prosemirror-commands/-/prosemirror-commands-1.7.1.tgz"
  integrity sha512-rT7qZnQtx5c0/y/KlYaGvtG411S97UaL6gdp6RIZ23DLHanMYLyfGBV5DtSnZdthQql7W+lEVbpSfwtO8T+L2w==
  dependencies:
    prosemirror-model "^1.0.0"
    prosemirror-state "^1.0.0"
    prosemirror-transform "^1.10.2"

prosemirror-dropcursor@^1.8.1:
  version "1.8.2"
  resolved "https://registry.npmjs.org/prosemirror-dropcursor/-/prosemirror-dropcursor-1.8.2.tgz"
  integrity sha512-CCk6Gyx9+Tt2sbYk5NK0nB1ukHi2ryaRgadV/LvyNuO3ena1payM2z6Cg0vO1ebK8cxbzo41ku2DE5Axj1Zuiw==
  dependencies:
    prosemirror-state "^1.0.0"
    prosemirror-transform "^1.1.0"
    prosemirror-view "^1.1.0"

prosemirror-gapcursor@^1.3.2:
  version "1.4.0"
  resolved "https://registry.npmjs.org/prosemirror-gapcursor/-/prosemirror-gapcursor-1.4.0.tgz"
  integrity sha512-z00qvurSdCEWUIulij/isHaqu4uLS8r/Fi61IbjdIPJEonQgggbJsLnstW7Lgdk4zQ68/yr6B6bf7sJXowIgdQ==
  dependencies:
    prosemirror-keymap "^1.0.0"
    prosemirror-model "^1.0.0"
    prosemirror-state "^1.0.0"
    prosemirror-view "^1.0.0"

prosemirror-history@^1.0.0, prosemirror-history@^1.4.1:
  version "1.4.1"
  resolved "https://registry.npmjs.org/prosemirror-history/-/prosemirror-history-1.4.1.tgz"
  integrity sha512-2JZD8z2JviJrboD9cPuX/Sv/1ChFng+xh2tChQ2X4bB2HeK+rra/bmJ3xGntCcjhOqIzSDG6Id7e8RJ9QPXLEQ==
  dependencies:
    prosemirror-state "^1.2.2"
    prosemirror-transform "^1.0.0"
    prosemirror-view "^1.31.0"
    rope-sequence "^1.3.0"

prosemirror-inputrules@^1.4.0:
  version "1.5.1"
  resolved "https://registry.npmjs.org/prosemirror-inputrules/-/prosemirror-inputrules-1.5.1.tgz"
  integrity sha512-7wj4uMjKaXWAQ1CDgxNzNtR9AlsuwzHfdFH1ygEHA2KHF2DOEaXl1CJfNPAKCg9qNEh4rum975QLaCiQPyY6Fw==
  dependencies:
    prosemirror-state "^1.0.0"
    prosemirror-transform "^1.0.0"

prosemirror-keymap@^1.0.0, prosemirror-keymap@^1.2.2:
  version "1.2.3"
  resolved "https://registry.npmjs.org/prosemirror-keymap/-/prosemirror-keymap-1.2.3.tgz"
  integrity sha512-4HucRlpiLd1IPQQXNqeo81BGtkY8Ai5smHhKW9jjPKRc2wQIxksg7Hl1tTI2IfT2B/LgX6bfYvXxEpJl7aKYKw==
  dependencies:
    prosemirror-state "^1.0.0"
    w3c-keyname "^2.2.0"

prosemirror-markdown@^1.13.1:
  version "1.13.2"
  resolved "https://registry.npmjs.org/prosemirror-markdown/-/prosemirror-markdown-1.13.2.tgz"
  integrity sha512-FPD9rHPdA9fqzNmIIDhhnYQ6WgNoSWX9StUZ8LEKapaXU9i6XgykaHKhp6XMyXlOWetmaFgGDS/nu/w9/vUc5g==
  dependencies:
    "@types/markdown-it" "^14.0.0"
    markdown-it "^14.0.0"
    prosemirror-model "^1.25.0"

prosemirror-menu@^1.2.4:
  version "1.2.5"
  resolved "https://registry.npmjs.org/prosemirror-menu/-/prosemirror-menu-1.2.5.tgz"
  integrity sha512-qwXzynnpBIeg1D7BAtjOusR+81xCp53j7iWu/IargiRZqRjGIlQuu1f3jFi+ehrHhWMLoyOQTSRx/IWZJqOYtQ==
  dependencies:
    crelt "^1.0.0"
    prosemirror-commands "^1.0.0"
    prosemirror-history "^1.0.0"
    prosemirror-state "^1.0.0"

prosemirror-model@^1.0.0, prosemirror-model@^1.20.0, prosemirror-model@^1.21.0, prosemirror-model@^1.22.1, prosemirror-model@^1.24.1, prosemirror-model@^1.25.0, prosemirror-model@^1.25.3:
  version "1.25.3"
  resolved "https://registry.npmjs.org/prosemirror-model/-/prosemirror-model-1.25.3.tgz"
  integrity sha512-dY2HdaNXlARknJbrManZ1WyUtos+AP97AmvqdOQtWtrrC5g4mohVX5DTi9rXNFSk09eczLq9GuNTtq3EfMeMGA==
  dependencies:
    orderedmap "^2.0.0"

prosemirror-schema-basic@^1.2.3:
  version "1.2.4"
  resolved "https://registry.npmjs.org/prosemirror-schema-basic/-/prosemirror-schema-basic-1.2.4.tgz"
  integrity sha512-ELxP4TlX3yr2v5rM7Sb70SqStq5NvI15c0j9j/gjsrO5vaw+fnnpovCLEGIcpeGfifkuqJwl4fon6b+KdrODYQ==
  dependencies:
    prosemirror-model "^1.25.0"

prosemirror-schema-list@^1.5.0:
  version "1.5.1"
  resolved "https://registry.npmjs.org/prosemirror-schema-list/-/prosemirror-schema-list-1.5.1.tgz"
  integrity sha512-927lFx/uwyQaGwJxLWCZRkjXG0p48KpMj6ueoYiu4JX05GGuGcgzAy62dfiV8eFZftgyBUvLx76RsMe20fJl+Q==
  dependencies:
    prosemirror-model "^1.0.0"
    prosemirror-state "^1.0.0"
    prosemirror-transform "^1.7.3"

prosemirror-state@^1.0.0, prosemirror-state@^1.2.2, prosemirror-state@^1.4.2, prosemirror-state@^1.4.3:
  version "1.4.3"
  resolved "https://registry.npmjs.org/prosemirror-state/-/prosemirror-state-1.4.3.tgz"
  integrity sha512-goFKORVbvPuAQaXhpbemJFRKJ2aixr+AZMGiquiqKxaucC6hlpHNZHWgz5R7dS4roHiwq9vDctE//CZ++o0W1Q==
  dependencies:
    prosemirror-model "^1.0.0"
    prosemirror-transform "^1.0.0"
    prosemirror-view "^1.27.0"

prosemirror-tables@^1.6.4:
  version "1.8.1"
  resolved "https://registry.npmjs.org/prosemirror-tables/-/prosemirror-tables-1.8.1.tgz"
  integrity sha512-DAgDoUYHCcc6tOGpLVPSU1k84kCUWTWnfWX3UDy2Delv4ryH0KqTD6RBI6k4yi9j9I8gl3j8MkPpRD/vWPZbug==
  dependencies:
    prosemirror-keymap "^1.2.2"
    prosemirror-model "^1.25.0"
    prosemirror-state "^1.4.3"
    prosemirror-transform "^1.10.3"
    prosemirror-view "^1.39.1"

prosemirror-trailing-node@^3.0.0:
  version "3.0.0"
  resolved "https://registry.npmjs.org/prosemirror-trailing-node/-/prosemirror-trailing-node-3.0.0.tgz"
  integrity sha512-xiun5/3q0w5eRnGYfNlW1uU9W6x5MoFKWwq/0TIRgt09lv7Hcser2QYV8t4muXbEr+Fwo0geYn79Xs4GKywrRQ==
  dependencies:
    "@remirror/core-constants" "3.0.0"
    escape-string-regexp "^4.0.0"

prosemirror-transform@^1.0.0, prosemirror-transform@^1.1.0, prosemirror-transform@^1.10.2, prosemirror-transform@^1.10.3, prosemirror-transform@^1.7.3:
  version "1.10.4"
  resolved "https://registry.npmjs.org/prosemirror-transform/-/prosemirror-transform-1.10.4.tgz"
  integrity sha512-pwDy22nAnGqNR1feOQKHxoFkkUtepoFAd3r2hbEDsnf4wp57kKA36hXsB3njA9FtONBEwSDnDeCiJe+ItD+ykw==
  dependencies:
    prosemirror-model "^1.21.0"

prosemirror-view@^1.0.0, prosemirror-view@^1.1.0, prosemirror-view@^1.27.0, prosemirror-view@^1.31.0, prosemirror-view@^1.33.8, prosemirror-view@^1.38.1, prosemirror-view@^1.39.1, prosemirror-view@^1.41.3:
  version "1.41.3"
  resolved "https://registry.npmjs.org/prosemirror-view/-/prosemirror-view-1.41.3.tgz"
  integrity sha512-SqMiYMUQNNBP9kfPhLO8WXEk/fon47vc52FQsUiJzTBuyjKgEcoAwMyF04eQ4WZ2ArMn7+ReypYL60aKngbACQ==
  dependencies:
    prosemirror-model "^1.20.0"
    prosemirror-state "^1.0.0"
    prosemirror-transform "^1.1.0"

punycode.js@^2.3.1:
  version "2.3.1"
  resolved "https://registry.npmjs.org/punycode.js/-/punycode.js-2.3.1.tgz"
  integrity sha512-uxFIHU0YlHYhDQtV4R9J6a52SLx28BCjT+4ieh7IGbgwVJWO+km431c4yRlREUAsAmt/uMjQUyQHNEPf0M39CA==

rope-sequence@^1.3.0:
  version "1.3.4"
  resolved "https://registry.npmjs.org/rope-sequence/-/rope-sequence-1.3.4.tgz"
  integrity sha512-UT5EDe2cu2E/6O4igUr5PSFs23nvvukicWHx6GnOPlHAiiYbzNuCRQCuiUdHJQcqKalLKlrYJnjY0ySGsXNQXQ==

source-map-js@^1.0.1:
  version "1.2.1"
  resolved "https://registry.npmjs.org/source-map-js/-/source-map-js-1.2.1.tgz"
  integrity sha512-UXWMKhLOwVKb728IUtQPXxfYU+usdybtUrK/8uGE8CQMvrhOpwvzDBwj0QhSL7MQc7vIsISBG8VQ8+IDQxpfQA==

svelte-markdown@^0.4.1:
  version "0.4.1"
  resolved "https://registry.npmjs.org/svelte-markdown/-/svelte-markdown-0.4.1.tgz"
  integrity sha512-pOlLY6EruKJaWI9my/2bKX8PdTeP5CM0s4VMmwmC2prlOkjAf+AOmTM4wW/l19Y6WZ87YmP8+ZCJCCwBChWjYw==
  dependencies:
    "@types/marked" "^5.0.1"
    marked "^5.1.2"

svelte@^4.0.0:
  version "4.2.20"
  resolved "https://registry.npmjs.org/svelte/-/svelte-4.2.20.tgz"
  integrity sha512-eeEgGc2DtiUil5ANdtd8vPwt9AgaMdnuUFnPft9F5oMvU/FHu5IHFic+p1dR/UOB7XU2mX2yHW+NcTch4DCh5Q==
  dependencies:
    "@ampproject/remapping" "^2.2.1"
    "@jridgewell/sourcemap-codec" "^1.4.15"
    "@jridgewell/trace-mapping" "^0.3.18"
    "@types/estree" "^1.0.1"
    acorn "^8.9.0"
    aria-query "^5.3.0"
    axobject-query "^4.0.0"
    code-red "^1.0.3"
    css-tree "^2.3.1"
    estree-walker "^3.0.3"
    is-reference "^3.0.1"
    locate-character "^3.0.0"
    magic-string "^0.30.4"
    periscopic "^3.1.0"

uc.micro@^2.0.0, uc.micro@^2.1.0:
  version "2.1.0"
  resolved "https://registry.npmjs.org/uc.micro/-/uc.micro-2.1.0.tgz"
  integrity sha512-ARDJmphmdvUk6Glw7y9DQ2bFkKBHwQHLi2lsaH6PPmz/Ka9sFOBsBluozhDltWmnv9u/cF6Rt87znRTPV+yp/A==

undici-types@~7.8.0:
  version "7.8.0"
  resolved "https://registry.npmjs.org/undici-types/-/undici-types-7.8.0.tgz"
  integrity sha512-9UJ2xGDvQ43tYyVMpuHlsgApydB8ZKfVYTsLDhXkFL/6gfkp+U8xTGdh8pMJv1SpZna0zxG1DwsKZsreLbXBxw==

w3c-keyname@^2.2.0:
  version "2.2.8"
  resolved "https://registry.npmjs.org/w3c-keyname/-/w3c-keyname-2.2.8.tgz"
  integrity sha512-dpojBhNsCNN7T82Tm7k26A6G9ML3NkhDsnw9n/eoxSRlVBB4CEtIQ/KTCLI2Fwf3ataSXRhYFkQi3SlnFwPvPQ==
